// !$*UTF8*$!
{
	archiveVersion = 1;
	classes = {
	};
	objectVersion = 46;
	objects = {

/* Begin PBXBuildFile section */
		6309E2F41543509900A58229 /* GCDUDPSocketController.m in Sources */ = {isa = PBXBuildFile; fileRef = 6309E2F31543509900A58229 /* GCDUDPSocketController.m */; };
		6326E92E1590F1CE00674097 /* SettingsTableViewController.m in Sources */ = {isa = PBXBuildFile; fileRef = 6326E92D1590F1CE00674097 /* SettingsTableViewController.m */; };
		636FB3E31607E7F200AA9518 /* OSCFloat.m in Sources */ = {isa = PBXBuildFile; fileRef = 636FB3E01607E7F200AA9518 /* OSCFloat.m */; };
		636FB3E41607E7F200AA9518 /* OSCInt.m in Sources */ = {isa = PBXBuildFile; fileRef = 636FB3E21607E7F200AA9518 /* OSCInt.m */; };
		6375EE0C161C73EB0014C6EF /* OSCFloat.m in Sources */ = {isa = PBXBuildFile; fileRef = 636FB3E01607E7F200AA9518 /* OSCFloat.m */; };
		6375EE0D161C73EB0014C6EF /* OSCInt.m in Sources */ = {isa = PBXBuildFile; fileRef = 636FB3E21607E7F200AA9518 /* OSCInt.m */; };
		6375EE0E161C73EF0014C6EF /* OSClib.h in Sources */ = {isa = PBXBuildFile; fileRef = 6375EE0A161C73670014C6EF /* OSClib.h */; };
		639675FB152F4800004DD305 /* UIKit.framework in Frameworks */ = {isa = PBXBuildFile; fileRef = 639675FA152F4800004DD305 /* UIKit.framework */; };
		639675FD152F4800004DD305 /* Foundation.framework in Frameworks */ = {isa = PBXBuildFile; fileRef = 639675FC152F4800004DD305 /* Foundation.framework */; };
		639675FF152F4800004DD305 /* CoreGraphics.framework in Frameworks */ = {isa = PBXBuildFile; fileRef = 639675FE152F4800004DD305 /* CoreGraphics.framework */; };
		63967605152F4800004DD305 /* InfoPlist.strings in Resources */ = {isa = PBXBuildFile; fileRef = 63967603152F4800004DD305 /* InfoPlist.strings */; };
		63967607152F4800004DD305 /* main.m in Sources */ = {isa = PBXBuildFile; fileRef = 63967606152F4800004DD305 /* main.m */; };
		6396760B152F4800004DD305 /* AppDelegate.m in Sources */ = {isa = PBXBuildFile; fileRef = 6396760A152F4800004DD305 /* AppDelegate.m */; };
		6396760E152F4800004DD305 /* MainStoryboard_iPhone.storyboard in Resources */ = {isa = PBXBuildFile; fileRef = 6396760C152F4800004DD305 /* MainStoryboard_iPhone.storyboard */; };
		63967611152F4800004DD305 /* MainStoryboard_iPad.storyboard in Resources */ = {isa = PBXBuildFile; fileRef = 6396760F152F4800004DD305 /* MainStoryboard_iPad.storyboard */; };
		63967614152F4800004DD305 /* ViewController.m in Sources */ = {isa = PBXBuildFile; fileRef = 63967613152F4800004DD305 /* ViewController.m */; };
		6396761C152F4800004DD305 /* SenTestingKit.framework in Frameworks */ = {isa = PBXBuildFile; fileRef = 6396761B152F4800004DD305 /* SenTestingKit.framework */; };
		6396761D152F4800004DD305 /* UIKit.framework in Frameworks */ = {isa = PBXBuildFile; fileRef = 639675FA152F4800004DD305 /* UIKit.framework */; };
		6396761E152F4800004DD305 /* Foundation.framework in Frameworks */ = {isa = PBXBuildFile; fileRef = 639675FC152F4800004DD305 /* Foundation.framework */; };
		63967626152F4800004DD305 /* InfoPlist.strings in Resources */ = {isa = PBXBuildFile; fileRef = 63967624152F4800004DD305 /* InfoPlist.strings */; };
		63967629152F4800004DD305 /* BatonTests.m in Sources */ = {isa = PBXBuildFile; fileRef = 63967628152F4800004DD305 /* BatonTests.m */; };
		639715FB1592782500655547 /* OSCBlob.m in Sources */ = {isa = PBXBuildFile; fileRef = 639715F51592782500655547 /* OSCBlob.m */; };
		639715FC1592782500655547 /* OSCBlob.m in Sources */ = {isa = PBXBuildFile; fileRef = 639715F51592782500655547 /* OSCBlob.m */; };
		639715FD1592782500655547 /* OSCMessage.m in Sources */ = {isa = PBXBuildFile; fileRef = 639715F71592782500655547 /* OSCMessage.m */; };
		639715FE1592782500655547 /* OSCMessage.m in Sources */ = {isa = PBXBuildFile; fileRef = 639715F71592782500655547 /* OSCMessage.m */; };
		639715FF1592782500655547 /* OSCstring.m in Sources */ = {isa = PBXBuildFile; fileRef = 639715FA1592782500655547 /* OSCstring.m */; };
		639716001592782500655547 /* OSCstring.m in Sources */ = {isa = PBXBuildFile; fileRef = 639715FA1592782500655547 /* OSCstring.m */; };
		63BBEF70161C8E8B00B15688 /* Stories.txt in Resources */ = {isa = PBXBuildFile; fileRef = 63BBEF6F161C8E8B00B15688 /* Stories.txt */; };
		63BD1F5F16307F51006C097E /* defaultConfig.plist in Resources */ = {isa = PBXBuildFile; fileRef = 63BD1F5E16307F51006C097E /* defaultConfig.plist */; };
		63D760611545B0290012E8E9 /* CFNetwork.framework in Frameworks */ = {isa = PBXBuildFile; fileRef = 63D760601545B0290012E8E9 /* CFNetwork.framework */; };
		63D76068154899220012E8E9 /* CFNetwork.framework in Frameworks */ = {isa = PBXBuildFile; fileRef = 63D760601545B0290012E8E9 /* CFNetwork.framework */; };
		63D76069154899220012E8E9 /* CoreGraphics.framework in Frameworks */ = {isa = PBXBuildFile; fileRef = 639675FE152F4800004DD305 /* CoreGraphics.framework */; };
		63D7606C1548993A0012E8E9 /* GCDUDPSocketController.m in Sources */ = {isa = PBXBuildFile; fileRef = 6309E2F31543509900A58229 /* GCDUDPSocketController.m */; };
		63E873DB1543A0B6009081AA /* GCDAsyncSocket.m in Sources */ = {isa = PBXBuildFile; fileRef = 63967634152F48A2004DD305 /* GCDAsyncSocket.m */; };
		63E873DC1543A0B6009081AA /* GCDAsyncUdpSocket.m in Sources */ = {isa = PBXBuildFile; fileRef = 63967636152F48A2004DD305 /* GCDAsyncUdpSocket.m */; };
		63E873EA1543B195009081AA /* WSOSCBundle.m in Sources */ = {isa = PBXBuildFile; fileRef = 63E873E21543A265009081AA /* WSOSCBundle.m */; };
		63E873EB1543B195009081AA /* WSOSCMessage.m in Sources */ = {isa = PBXBuildFile; fileRef = 63E873E41543A265009081AA /* WSOSCMessage.m */; };
		63E873EC1543B195009081AA /* WSOSCPacket.m in Sources */ = {isa = PBXBuildFile; fileRef = 63E873E61543A265009081AA /* WSOSCPacket.m */; };
		A22D927515C09EF400FBC13B /* Layout.m in Sources */ = {isa = PBXBuildFile; fileRef = A22D927415C09EF400FBC13B /* Layout.m */; };
		A22D927915C09F9900FBC13B /* LayoutTableViewController.m in Sources */ = {isa = PBXBuildFile; fileRef = A22D927815C09F9900FBC13B /* LayoutTableViewController.m */; };
/* End PBXBuildFile section */

/* Begin PBXContainerItemProxy section */
		6396761F152F4800004DD305 /* PBXContainerItemProxy */ = {
			isa = PBXContainerItemProxy;
			containerPortal = 639675ED152F4800004DD305 /* Project object */;
			proxyType = 1;
			remoteGlobalIDString = 639675F5152F4800004DD305;
			remoteInfo = Baton;
		};
/* End PBXContainerItemProxy section */

/* Begin PBXFileReference section */
		6309E2F21543509900A58229 /* GCDUDPSocketController.h */ = {isa = PBXFileReference; fileEncoding = 4; lastKnownFileType = sourcecode.c.h; path = GCDUDPSocketController.h; sourceTree = "<group>"; };
		6309E2F31543509900A58229 /* GCDUDPSocketController.m */ = {isa = PBXFileReference; fileEncoding = 4; lastKnownFileType = sourcecode.c.objc; path = GCDUDPSocketController.m; sourceTree = "<group>"; };
		6326E92C1590F1CE00674097 /* SettingsTableViewController.h */ = {isa = PBXFileReference; fileEncoding = 4; lastKnownFileType = sourcecode.c.h; path = SettingsTableViewController.h; sourceTree = "<group>"; };
		6326E92D1590F1CE00674097 /* SettingsTableViewController.m */ = {isa = PBXFileReference; fileEncoding = 4; lastKnownFileType = sourcecode.c.objc; path = SettingsTableViewController.m; sourceTree = "<group>"; };
		636FB3DF1607E7F200AA9518 /* OSCFloat.h */ = {isa = PBXFileReference; fileEncoding = 4; lastKnownFileType = sourcecode.c.h; path = OSCFloat.h; sourceTree = "<group>"; };
		636FB3E01607E7F200AA9518 /* OSCFloat.m */ = {isa = PBXFileReference; fileEncoding = 4; lastKnownFileType = sourcecode.c.objc; path = OSCFloat.m; sourceTree = "<group>"; };
		636FB3E11607E7F200AA9518 /* OSCInt.h */ = {isa = PBXFileReference; fileEncoding = 4; lastKnownFileType = sourcecode.c.h; path = OSCInt.h; sourceTree = "<group>"; };
		636FB3E21607E7F200AA9518 /* OSCInt.m */ = {isa = PBXFileReference; fileEncoding = 4; lastKnownFileType = sourcecode.c.objc; path = OSCInt.m; sourceTree = "<group>"; };
		6375EE0A161C73670014C6EF /* OSClib.h */ = {isa = PBXFileReference; lastKnownFileType = sourcecode.c.h; path = OSClib.h; sourceTree = "<group>"; };
		639675F6152F4800004DD305 /* Baton.app */ = {isa = PBXFileReference; explicitFileType = wrapper.application; includeInIndex = 0; path = Baton.app; sourceTree = BUILT_PRODUCTS_DIR; };
		639675FA152F4800004DD305 /* UIKit.framework */ = {isa = PBXFileReference; lastKnownFileType = wrapper.framework; name = UIKit.framework; path = System/Library/Frameworks/UIKit.framework; sourceTree = SDKROOT; };
		639675FC152F4800004DD305 /* Foundation.framework */ = {isa = PBXFileReference; lastKnownFileType = wrapper.framework; name = Foundation.framework; path = System/Library/Frameworks/Foundation.framework; sourceTree = SDKROOT; };
		639675FE152F4800004DD305 /* CoreGraphics.framework */ = {isa = PBXFileReference; lastKnownFileType = wrapper.framework; name = CoreGraphics.framework; path = System/Library/Frameworks/CoreGraphics.framework; sourceTree = SDKROOT; };
		63967602152F4800004DD305 /* Baton-Info.plist */ = {isa = PBXFileReference; lastKnownFileType = text.plist.xml; path = "Baton-Info.plist"; sourceTree = "<group>"; };
		63967604152F4800004DD305 /* en */ = {isa = PBXFileReference; lastKnownFileType = text.plist.strings; name = en; path = en.lproj/InfoPlist.strings; sourceTree = "<group>"; };
		63967606152F4800004DD305 /* main.m */ = {isa = PBXFileReference; lastKnownFileType = sourcecode.c.objc; path = main.m; sourceTree = "<group>"; };
		63967608152F4800004DD305 /* Baton-Prefix.pch */ = {isa = PBXFileReference; lastKnownFileType = sourcecode.c.h; path = "Baton-Prefix.pch"; sourceTree = "<group>"; };
		63967609152F4800004DD305 /* AppDelegate.h */ = {isa = PBXFileReference; lastKnownFileType = sourcecode.c.h; path = AppDelegate.h; sourceTree = "<group>"; };
		6396760A152F4800004DD305 /* AppDelegate.m */ = {isa = PBXFileReference; lastKnownFileType = sourcecode.c.objc; path = AppDelegate.m; sourceTree = "<group>"; };
		6396760D152F4800004DD305 /* en */ = {isa = PBXFileReference; lastKnownFileType = file.storyboard; name = en; path = en.lproj/MainStoryboard_iPhone.storyboard; sourceTree = "<group>"; };
		63967610152F4800004DD305 /* en */ = {isa = PBXFileReference; lastKnownFileType = file.storyboard; name = en; path = en.lproj/MainStoryboard_iPad.storyboard; sourceTree = "<group>"; };
		63967612152F4800004DD305 /* ViewController.h */ = {isa = PBXFileReference; lastKnownFileType = sourcecode.c.h; path = ViewController.h; sourceTree = "<group>"; };
		63967613152F4800004DD305 /* ViewController.m */ = {isa = PBXFileReference; lastKnownFileType = sourcecode.c.objc; path = ViewController.m; sourceTree = "<group>"; };
		6396761A152F4800004DD305 /* BatonTests.octest */ = {isa = PBXFileReference; explicitFileType = wrapper.cfbundle; includeInIndex = 0; path = BatonTests.octest; sourceTree = BUILT_PRODUCTS_DIR; };
		6396761B152F4800004DD305 /* SenTestingKit.framework */ = {isa = PBXFileReference; lastKnownFileType = wrapper.framework; name = SenTestingKit.framework; path = Library/Frameworks/SenTestingKit.framework; sourceTree = DEVELOPER_DIR; };
		63967623152F4800004DD305 /* BatonTests-Info.plist */ = {isa = PBXFileReference; lastKnownFileType = text.plist.xml; path = "BatonTests-Info.plist"; sourceTree = "<group>"; };
		63967625152F4800004DD305 /* en */ = {isa = PBXFileReference; lastKnownFileType = text.plist.strings; name = en; path = en.lproj/InfoPlist.strings; sourceTree = "<group>"; };
		63967627152F4800004DD305 /* BatonTests.h */ = {isa = PBXFileReference; lastKnownFileType = sourcecode.c.h; path = BatonTests.h; sourceTree = "<group>"; };
		63967628152F4800004DD305 /* BatonTests.m */ = {isa = PBXFileReference; lastKnownFileType = sourcecode.c.objc; path = BatonTests.m; sourceTree = "<group>"; };
		63967633152F48A2004DD305 /* GCDAsyncSocket.h */ = {isa = PBXFileReference; fileEncoding = 4; lastKnownFileType = sourcecode.c.h; path = GCDAsyncSocket.h; sourceTree = "<group>"; };
		63967634152F48A2004DD305 /* GCDAsyncSocket.m */ = {isa = PBXFileReference; fileEncoding = 4; lastKnownFileType = sourcecode.c.objc; path = GCDAsyncSocket.m; sourceTree = "<group>"; };
		63967635152F48A2004DD305 /* GCDAsyncUdpSocket.h */ = {isa = PBXFileReference; fileEncoding = 4; lastKnownFileType = sourcecode.c.h; path = GCDAsyncUdpSocket.h; sourceTree = "<group>"; };
		63967636152F48A2004DD305 /* GCDAsyncUdpSocket.m */ = {isa = PBXFileReference; fileEncoding = 4; lastKnownFileType = sourcecode.c.objc; path = GCDAsyncUdpSocket.m; sourceTree = "<group>"; };
		639715F41592782500655547 /* OSCBlob.h */ = {isa = PBXFileReference; fileEncoding = 4; lastKnownFileType = sourcecode.c.h; path = OSCBlob.h; sourceTree = "<group>"; };
		639715F51592782500655547 /* OSCBlob.m */ = {isa = PBXFileReference; fileEncoding = 4; lastKnownFileType = sourcecode.c.objc; path = OSCBlob.m; sourceTree = "<group>"; };
		639715F61592782500655547 /* OSCMessage.h */ = {isa = PBXFileReference; fileEncoding = 4; lastKnownFileType = sourcecode.c.h; path = OSCMessage.h; sourceTree = "<group>"; };
		639715F71592782500655547 /* OSCMessage.m */ = {isa = PBXFileReference; fileEncoding = 4; lastKnownFileType = sourcecode.c.objc; path = OSCMessage.m; sourceTree = "<group>"; };
		639715F81592782500655547 /* OSCObject.h */ = {isa = PBXFileReference; fileEncoding = 4; lastKnownFileType = sourcecode.c.h; path = OSCObject.h; sourceTree = "<group>"; };
		639715F91592782500655547 /* OSCstring.h */ = {isa = PBXFileReference; fileEncoding = 4; lastKnownFileType = sourcecode.c.h; path = OSCstring.h; sourceTree = "<group>"; };
		639715FA1592782500655547 /* OSCstring.m */ = {isa = PBXFileReference; fileEncoding = 4; lastKnownFileType = sourcecode.c.objc; path = OSCstring.m; sourceTree = "<group>"; };
		63BBEF6F161C8E8B00B15688 /* Stories.txt */ = {isa = PBXFileReference; fileEncoding = 4; lastKnownFileType = text; name = Stories.txt; path = Baton/Stories.txt; sourceTree = "<group>"; };
		63BD1F5E16307F51006C097E /* defaultConfig.plist */ = {isa = PBXFileReference; fileEncoding = 4; lastKnownFileType = text.plist.xml; path = defaultConfig.plist; sourceTree = "<group>"; };
		63D760601545B0290012E8E9 /* CFNetwork.framework */ = {isa = PBXFileReference; lastKnownFileType = wrapper.framework; name = CFNetwork.framework; path = System/Library/Frameworks/CFNetwork.framework; sourceTree = SDKROOT; };
		63E873E01543A265009081AA /* WSOSC_Prefix.pch */ = {isa = PBXFileReference; fileEncoding = 4; lastKnownFileType = sourcecode.c.h; path = WSOSC_Prefix.pch; sourceTree = "<group>"; };
		63E873E11543A265009081AA /* WSOSCBundle.h */ = {isa = PBXFileReference; fileEncoding = 4; lastKnownFileType = sourcecode.c.h; path = WSOSCBundle.h; sourceTree = "<group>"; };
		63E873E21543A265009081AA /* WSOSCBundle.m */ = {isa = PBXFileReference; fileEncoding = 4; lastKnownFileType = sourcecode.c.objc; path = WSOSCBundle.m; sourceTree = "<group>"; };
		63E873E31543A265009081AA /* WSOSCMessage.h */ = {isa = PBXFileReference; fileEncoding = 4; lastKnownFileType = sourcecode.c.h; path = WSOSCMessage.h; sourceTree = "<group>"; };
		63E873E41543A265009081AA /* WSOSCMessage.m */ = {isa = PBXFileReference; fileEncoding = 4; lastKnownFileType = sourcecode.c.objc; path = WSOSCMessage.m; sourceTree = "<group>"; };
		63E873E51543A265009081AA /* WSOSCPacket.h */ = {isa = PBXFileReference; fileEncoding = 4; lastKnownFileType = sourcecode.c.h; path = WSOSCPacket.h; sourceTree = "<group>"; };
		63E873E61543A265009081AA /* WSOSCPacket.m */ = {isa = PBXFileReference; fileEncoding = 4; lastKnownFileType = sourcecode.c.objc; path = WSOSCPacket.m; sourceTree = "<group>"; };
		A22D927315C09EF400FBC13B /* Layout.h */ = {isa = PBXFileReference; fileEncoding = 4; lastKnownFileType = sourcecode.c.h; path = Layout.h; sourceTree = "<group>"; };
		A22D927415C09EF400FBC13B /* Layout.m */ = {isa = PBXFileReference; fileEncoding = 4; lastKnownFileType = sourcecode.c.objc; path = Layout.m; sourceTree = "<group>"; };
		A22D927715C09F9900FBC13B /* LayoutTableViewController.h */ = {isa = PBXFileReference; fileEncoding = 4; lastKnownFileType = sourcecode.c.h; path = LayoutTableViewController.h; sourceTree = "<group>"; };
		A22D927815C09F9900FBC13B /* LayoutTableViewController.m */ = {isa = PBXFileReference; fileEncoding = 4; lastKnownFileType = sourcecode.c.objc; path = LayoutTableViewController.m; sourceTree = "<group>"; };
/* End PBXFileReference section */

/* Begin PBXFrameworksBuildPhase section */
		639675F3152F4800004DD305 /* Frameworks */ = {
			isa = PBXFrameworksBuildPhase;
			buildActionMask = 2147483647;
			files = (
				63D760611545B0290012E8E9 /* CFNetwork.framework in Frameworks */,
				639675FB152F4800004DD305 /* UIKit.framework in Frameworks */,
				639675FD152F4800004DD305 /* Foundation.framework in Frameworks */,
				639675FF152F4800004DD305 /* CoreGraphics.framework in Frameworks */,
			);
			runOnlyForDeploymentPostprocessing = 0;
		};
		63967616152F4800004DD305 /* Frameworks */ = {
			isa = PBXFrameworksBuildPhase;
			buildActionMask = 2147483647;
			files = (
				63D76068154899220012E8E9 /* CFNetwork.framework in Frameworks */,
				6396761D152F4800004DD305 /* UIKit.framework in Frameworks */,
				6396761E152F4800004DD305 /* Foundation.framework in Frameworks */,
				63D76069154899220012E8E9 /* CoreGraphics.framework in Frameworks */,
				6396761C152F4800004DD305 /* SenTestingKit.framework in Frameworks */,
			);
			runOnlyForDeploymentPostprocessing = 0;
		};
/* End PBXFrameworksBuildPhase section */

/* Begin PBXGroup section */
		639675EB152F4800004DD305 = {
			isa = PBXGroup;
			children = (
				63BBEF6F161C8E8B00B15688 /* Stories.txt */,
				63967600152F4800004DD305 /* Baton */,
				63967621152F4800004DD305 /* BatonTests */,
				639675F9152F4800004DD305 /* Frameworks */,
				639675F7152F4800004DD305 /* Products */,
			);
			sourceTree = "<group>";
		};
		639675F7152F4800004DD305 /* Products */ = {
			isa = PBXGroup;
			children = (
				639675F6152F4800004DD305 /* Baton.app */,
				6396761A152F4800004DD305 /* BatonTests.octest */,
			);
			name = Products;
			sourceTree = "<group>";
		};
		639675F9152F4800004DD305 /* Frameworks */ = {
			isa = PBXGroup;
			children = (
				63D760601545B0290012E8E9 /* CFNetwork.framework */,
				639675FA152F4800004DD305 /* UIKit.framework */,
				639675FC152F4800004DD305 /* Foundation.framework */,
				639675FE152F4800004DD305 /* CoreGraphics.framework */,
				6396761B152F4800004DD305 /* SenTestingKit.framework */,
			);
			name = Frameworks;
			sourceTree = "<group>";
		};
		63967600152F4800004DD305 /* Baton */ = {
			isa = PBXGroup;
			children = (
				63967639152F48A8004DD305 /* OSC */,
				63967632152F486F004DD305 /* Socket */,
				63BF0EB91630974100830552 /* Housekeeping */,
				63967601152F4800004DD305 /* Supporting Files */,
			);
			path = Baton;
			sourceTree = "<group>";
		};
		63967601152F4800004DD305 /* Supporting Files */ = {
			isa = PBXGroup;
			children = (
				63967602152F4800004DD305 /* Baton-Info.plist */,
				63967603152F4800004DD305 /* InfoPlist.strings */,
				63967606152F4800004DD305 /* main.m */,
				63967608152F4800004DD305 /* Baton-Prefix.pch */,
			);
			name = "Supporting Files";
			sourceTree = "<group>";
		};
		63967621152F4800004DD305 /* BatonTests */ = {
			isa = PBXGroup;
			children = (
				63967627152F4800004DD305 /* BatonTests.h */,
				63967628152F4800004DD305 /* BatonTests.m */,
				63967622152F4800004DD305 /* Supporting Files */,
			);
			path = BatonTests;
			sourceTree = "<group>";
		};
		63967622152F4800004DD305 /* Supporting Files */ = {
			isa = PBXGroup;
			children = (
				63967623152F4800004DD305 /* BatonTests-Info.plist */,
				63967624152F4800004DD305 /* InfoPlist.strings */,
			);
			name = "Supporting Files";
			sourceTree = "<group>";
		};
		63967632152F486F004DD305 /* Socket */ = {
			isa = PBXGroup;
			children = (
				6309E2F21543509900A58229 /* GCDUDPSocketController.h */,
				6309E2F31543509900A58229 /* GCDUDPSocketController.m */,
				63D760641545B0BF0012E8E9 /* CocoaAsyncSocket */,
			);
			name = Socket;
			sourceTree = "<group>";
		};
		63967639152F48A8004DD305 /* OSC */ = {
			isa = PBXGroup;
			children = (
				6375EE0A161C73670014C6EF /* OSClib.h */,
				636FB3DF1607E7F200AA9518 /* OSCFloat.h */,
				636FB3E01607E7F200AA9518 /* OSCFloat.m */,
				636FB3E11607E7F200AA9518 /* OSCInt.h */,
				636FB3E21607E7F200AA9518 /* OSCInt.m */,
				639715F41592782500655547 /* OSCBlob.h */,
				639715F51592782500655547 /* OSCBlob.m */,
				639715F61592782500655547 /* OSCMessage.h */,
				639715F71592782500655547 /* OSCMessage.m */,
				639715F81592782500655547 /* OSCObject.h */,
				639715F91592782500655547 /* OSCstring.h */,
				639715FA1592782500655547 /* OSCstring.m */,
				63D760631545B0A00012E8E9 /* WSOSC */,
			);
			name = OSC;
			sourceTree = "<group>";
		};
		63BF0EB91630974100830552 /* Housekeeping */ = {
			isa = PBXGroup;
			children = (
				63967609152F4800004DD305 /* AppDelegate.h */,
				6396760A152F4800004DD305 /* AppDelegate.m */,
				6396760C152F4800004DD305 /* MainStoryboard_iPhone.storyboard */,
				A22D927315C09EF400FBC13B /* Layout.h */,
				A22D927415C09EF400FBC13B /* Layout.m */,
				6396760F152F4800004DD305 /* MainStoryboard_iPad.storyboard */,
				6326E92C1590F1CE00674097 /* SettingsTableViewController.h */,
				6326E92D1590F1CE00674097 /* SettingsTableViewController.m */,
				63967612152F4800004DD305 /* ViewController.h */,
				63967613152F4800004DD305 /* ViewController.m */,
				A22D927715C09F9900FBC13B /* LayoutTableViewController.h */,
				A22D927815C09F9900FBC13B /* LayoutTableViewController.m */,
				63BD1F5E16307F51006C097E /* defaultConfig.plist */,
			);
			name = Housekeeping;
			sourceTree = "<group>";
		};
		63D760631545B0A00012E8E9 /* WSOSC */ = {
			isa = PBXGroup;
			children = (
				63E873E01543A265009081AA /* WSOSC_Prefix.pch */,
				63E873E11543A265009081AA /* WSOSCBundle.h */,
				63E873E21543A265009081AA /* WSOSCBundle.m */,
				63E873E31543A265009081AA /* WSOSCMessage.h */,
				63E873E41543A265009081AA /* WSOSCMessage.m */,
				63E873E51543A265009081AA /* WSOSCPacket.h */,
				63E873E61543A265009081AA /* WSOSCPacket.m */,
			);
			name = WSOSC;
			sourceTree = "<group>";
		};
		63D760641545B0BF0012E8E9 /* CocoaAsyncSocket */ = {
			isa = PBXGroup;
			children = (
				63967633152F48A2004DD305 /* GCDAsyncSocket.h */,
				63967634152F48A2004DD305 /* GCDAsyncSocket.m */,
				63967635152F48A2004DD305 /* GCDAsyncUdpSocket.h */,
				63967636152F48A2004DD305 /* GCDAsyncUdpSocket.m */,
			);
			name = CocoaAsyncSocket;
			sourceTree = "<group>";
		};
/* End PBXGroup section */

/* Begin PBXNativeTarget section */
		639675F5152F4800004DD305 /* Baton */ = {
			isa = PBXNativeTarget;
			buildConfigurationList = 6396762C152F4800004DD305 /* Build configuration list for PBXNativeTarget "Baton" */;
			buildPhases = (
				639675F2152F4800004DD305 /* Sources */,
				639675F3152F4800004DD305 /* Frameworks */,
				639675F4152F4800004DD305 /* Resources */,
			);
			buildRules = (
			);
			dependencies = (
			);
			name = Baton;
			productName = Baton;
			productReference = 639675F6152F4800004DD305 /* Baton.app */;
			productType = "com.apple.product-type.application";
		};
		63967619152F4800004DD305 /* BatonTests */ = {
			isa = PBXNativeTarget;
			buildConfigurationList = 6396762F152F4800004DD305 /* Build configuration list for PBXNativeTarget "BatonTests" */;
			buildPhases = (
				63967615152F4800004DD305 /* Sources */,
				63967616152F4800004DD305 /* Frameworks */,
				63967617152F4800004DD305 /* Resources */,
				63967618152F4800004DD305 /* ShellScript */,
			);
			buildRules = (
			);
			dependencies = (
				63967620152F4800004DD305 /* PBXTargetDependency */,
			);
			name = BatonTests;
			productName = BatonTests;
			productReference = 6396761A152F4800004DD305 /* BatonTests.octest */;
			productType = "com.apple.product-type.bundle";
		};
/* End PBXNativeTarget section */

/* Begin PBXProject section */
		639675ED152F4800004DD305 /* Project object */ = {
			isa = PBXProject;
			attributes = {
				LastUpgradeCheck = 0430;
				ORGANIZATIONNAME = "Western Michigan University";
			};
			buildConfigurationList = 639675F0152F4800004DD305 /* Build configuration list for PBXProject "Baton" */;
			compatibilityVersion = "Xcode 3.2";
			developmentRegion = English;
			hasScannedForEncodings = 0;
			knownRegions = (
				en,
			);
			mainGroup = 639675EB152F4800004DD305;
			productRefGroup = 639675F7152F4800004DD305 /* Products */;
			projectDirPath = "";
			projectRoot = "";
			targets = (
				639675F5152F4800004DD305 /* Baton */,
				63967619152F4800004DD305 /* BatonTests */,
			);
		};
/* End PBXProject section */

/* Begin PBXResourcesBuildPhase section */
		639675F4152F4800004DD305 /* Resources */ = {
			isa = PBXResourcesBuildPhase;
			buildActionMask = 2147483647;
			files = (
				63967605152F4800004DD305 /* InfoPlist.strings in Resources */,
				6396760E152F4800004DD305 /* MainStoryboard_iPhone.storyboard in Resources */,
				63967611152F4800004DD305 /* MainStoryboard_iPad.storyboard in Resources */,
				63BBEF70161C8E8B00B15688 /* Stories.txt in Resources */,
				63BD1F5F16307F51006C097E /* defaultConfig.plist in Resources */,
			);
			runOnlyForDeploymentPostprocessing = 0;
		};
		63967617152F4800004DD305 /* Resources */ = {
			isa = PBXResourcesBuildPhase;
			buildActionMask = 2147483647;
			files = (
				63967626152F4800004DD305 /* InfoPlist.strings in Resources */,
			);
			runOnlyForDeploymentPostprocessing = 0;
		};
/* End PBXResourcesBuildPhase section */

/* Begin PBXShellScriptBuildPhase section */
		63967618152F4800004DD305 /* ShellScript */ = {
			isa = PBXShellScriptBuildPhase;
			buildActionMask = 2147483647;
			files = (
			);
			inputPaths = (
			);
			outputPaths = (
			);
			runOnlyForDeploymentPostprocessing = 0;
			shellPath = /bin/sh;
			shellScript = "# Run the unit tests in this test bundle.\n\"${SYSTEM_DEVELOPER_DIR}/Tools/RunUnitTests\"\n";
		};
/* End PBXShellScriptBuildPhase section */

/* Begin PBXSourcesBuildPhase section */
		639675F2152F4800004DD305 /* Sources */ = {
			isa = PBXSourcesBuildPhase;
			buildActionMask = 2147483647;
			files = (
				63E873EA1543B195009081AA /* WSOSCBundle.m in Sources */,
				63E873EB1543B195009081AA /* WSOSCMessage.m in Sources */,
				63E873EC1543B195009081AA /* WSOSCPacket.m in Sources */,
				63E873DB1543A0B6009081AA /* GCDAsyncSocket.m in Sources */,
				63E873DC1543A0B6009081AA /* GCDAsyncUdpSocket.m in Sources */,
				63967607152F4800004DD305 /* main.m in Sources */,
				6396760B152F4800004DD305 /* AppDelegate.m in Sources */,
				63967614152F4800004DD305 /* ViewController.m in Sources */,
				6309E2F41543509900A58229 /* GCDUDPSocketController.m in Sources */,
				6326E92E1590F1CE00674097 /* SettingsTableViewController.m in Sources */,
				639715FB1592782500655547 /* OSCBlob.m in Sources */,
				639715FD1592782500655547 /* OSCMessage.m in Sources */,
				639715FF1592782500655547 /* OSCstring.m in Sources */,
				A22D927515C09EF400FBC13B /* Layout.m in Sources */,
				A22D927915C09F9900FBC13B /* LayoutTableViewController.m in Sources */,
				636FB3E31607E7F200AA9518 /* OSCFloat.m in Sources */,
				636FB3E41607E7F200AA9518 /* OSCInt.m in Sources */,
			);
			runOnlyForDeploymentPostprocessing = 0;
		};
		63967615152F4800004DD305 /* Sources */ = {
			isa = PBXSourcesBuildPhase;
			buildActionMask = 2147483647;
			files = (
				6375EE0E161C73EF0014C6EF /* OSClib.h in Sources */,
				6375EE0C161C73EB0014C6EF /* OSCFloat.m in Sources */,
				6375EE0D161C73EB0014C6EF /* OSCInt.m in Sources */,
				63D7606C1548993A0012E8E9 /* GCDUDPSocketController.m in Sources */,
				63967629152F4800004DD305 /* BatonTests.m in Sources */,
				639715FC1592782500655547 /* OSCBlob.m in Sources */,
				639715FE1592782500655547 /* OSCMessage.m in Sources */,
				639716001592782500655547 /* OSCstring.m in Sources */,
			);
			runOnlyForDeploymentPostprocessing = 0;
		};
/* End PBXSourcesBuildPhase section */

/* Begin PBXTargetDependency section */
		63967620152F4800004DD305 /* PBXTargetDependency */ = {
			isa = PBXTargetDependency;
			target = 639675F5152F4800004DD305 /* Baton */;
			targetProxy = 6396761F152F4800004DD305 /* PBXContainerItemProxy */;
		};
/* End PBXTargetDependency section */

/* Begin PBXVariantGroup section */
		63967603152F4800004DD305 /* InfoPlist.strings */ = {
			isa = PBXVariantGroup;
			children = (
				63967604152F4800004DD305 /* en */,
			);
			name = InfoPlist.strings;
			sourceTree = "<group>";
		};
		6396760C152F4800004DD305 /* MainStoryboard_iPhone.storyboard */ = {
			isa = PBXVariantGroup;
			children = (
				6396760D152F4800004DD305 /* en */,
			);
			name = MainStoryboard_iPhone.storyboard;
			sourceTree = "<group>";
		};
		6396760F152F4800004DD305 /* MainStoryboard_iPad.storyboard */ = {
			isa = PBXVariantGroup;
			children = (
				63967610152F4800004DD305 /* en */,
			);
			name = MainStoryboard_iPad.storyboard;
			sourceTree = "<group>";
		};
		63967624152F4800004DD305 /* InfoPlist.strings */ = {
			isa = PBXVariantGroup;
			children = (
				63967625152F4800004DD305 /* en */,
			);
			name = InfoPlist.strings;
			sourceTree = "<group>";
		};
/* End PBXVariantGroup section */

/* Begin XCBuildConfiguration section */
		6396762A152F4800004DD305 /* Debug */ = {
			isa = XCBuildConfiguration;
			buildSettings = {
				ALWAYS_SEARCH_USER_PATHS = NO;
				ARCHS = "$(ARCHS_STANDARD_32_BIT)";
				CLANG_ENABLE_OBJC_ARC = NO;
				CODE_SIGN_IDENTITY = "iPhone Developer: Matthew Knewtson (7K74P45729)";
				"CODE_SIGN_IDENTITY[sdk=iphoneos*]" = "iPhone Developer: Matthew Knewtson (7K74P45729)";
				COPY_PHASE_STRIP = NO;
				GCC_C_LANGUAGE_STANDARD = gnu99;
				GCC_DYNAMIC_NO_PIC = NO;
				GCC_OPTIMIZATION_LEVEL = 0;
				GCC_PREPROCESSOR_DEFINITIONS = (
					"DEBUG=1",
					IPHONE,
					"$(inherited)",
					TARGET_OS_IPHONE,
				);
				GCC_SYMBOLS_PRIVATE_EXTERN = NO;
				GCC_VERSION = com.apple.compilers.llvm.clang.1_0;
				GCC_WARN_ABOUT_RETURN_TYPE = YES;
				GCC_WARN_UNINITIALIZED_AUTOS = YES;
				GCC_WARN_UNUSED_VARIABLE = YES;
				IPHONEOS_DEPLOYMENT_TARGET = 5.0;
				PROVISIONING_PROFILE = "65A555E4-71CE-4C15-8D39-BDC8B0A79C2C";
				"PROVISIONING_PROFILE[sdk=iphoneos*]" = "65A555E4-71CE-4C15-8D39-BDC8B0A79C2C";
				SDKROOT = iphoneos;
				TARGETED_DEVICE_FAMILY = "1,2";
			};
			name = Debug;
		};
		6396762B152F4800004DD305 /* Release */ = {
			isa = XCBuildConfiguration;
			buildSettings = {
				ALWAYS_SEARCH_USER_PATHS = NO;
				ARCHS = "$(ARCHS_STANDARD_32_BIT)";
				CLANG_ENABLE_OBJC_ARC = NO;
				CODE_SIGN_IDENTITY = "iPhone Developer: Matthew Knewtson (7K74P45729)";
				"CODE_SIGN_IDENTITY[sdk=iphoneos*]" = "iPhone Developer: Matthew Knewtson (7K74P45729)";
				COPY_PHASE_STRIP = YES;
				GCC_C_LANGUAGE_STANDARD = gnu99;
				GCC_PREPROCESSOR_DEFINITIONS = (
					IPHONE,
					TARGET_OS_IPHONE,
					NS_BLOCK_ASSERTIONS,
					NDEBUG,
				);
				GCC_VERSION = com.apple.compilers.llvm.clang.1_0;
				GCC_WARN_ABOUT_RETURN_TYPE = YES;
				GCC_WARN_UNINITIALIZED_AUTOS = YES;
				GCC_WARN_UNUSED_VARIABLE = YES;
				IPHONEOS_DEPLOYMENT_TARGET = 5.0;
				OTHER_CFLAGS = "-DNS_BLOCK_ASSERTIONS=1";
				PROVISIONING_PROFILE = "65A555E4-71CE-4C15-8D39-BDC8B0A79C2C";
				"PROVISIONING_PROFILE[sdk=iphoneos*]" = "65A555E4-71CE-4C15-8D39-BDC8B0A79C2C";
				SDKROOT = iphoneos;
				TARGETED_DEVICE_FAMILY = "1,2";
				VALIDATE_PRODUCT = YES;
			};
			name = Release;
		};
		6396762D152F4800004DD305 /* Debug */ = {
			isa = XCBuildConfiguration;
			buildSettings = {
				CODE_SIGN_IDENTITY = "iPhone Developer: Matthew Knewtson (7K74P45729)";
				"CODE_SIGN_IDENTITY[sdk=iphoneos*]" = "iPhone Developer: Matthew Knewtson (7K74P45729)";
				GCC_PRECOMPILE_PREFIX_HEADER = YES;
				GCC_PREFIX_HEADER = "Baton/Baton-Prefix.pch";
				INFOPLIST_FILE = "Baton/Baton-Info.plist";
				PRODUCT_NAME = "$(TARGET_NAME)";
				PROVISIONING_PROFILE = "65A555E4-71CE-4C15-8D39-BDC8B0A79C2C";
				"PROVISIONING_PROFILE[sdk=iphoneos*]" = "65A555E4-71CE-4C15-8D39-BDC8B0A79C2C";
				WRAPPER_EXTENSION = app;
			};
			name = Debug;
		};
		6396762E152F4800004DD305 /* Release */ = {
			isa = XCBuildConfiguration;
			buildSettings = {
				CODE_SIGN_IDENTITY = "iPhone Developer: Matthew Knewtson (7K74P45729)";
				"CODE_SIGN_IDENTITY[sdk=iphoneos*]" = "iPhone Developer: Matthew Knewtson (7K74P45729)";
				GCC_PRECOMPILE_PREFIX_HEADER = YES;
				GCC_PREFIX_HEADER = "Baton/Baton-Prefix.pch";
				INFOPLIST_FILE = "Baton/Baton-Info.plist";
				PRODUCT_NAME = "$(TARGET_NAME)";
				PROVISIONING_PROFILE = "65A555E4-71CE-4C15-8D39-BDC8B0A79C2C";
				"PROVISIONING_PROFILE[sdk=iphoneos*]" = "65A555E4-71CE-4C15-8D39-BDC8B0A79C2C";
				WRAPPER_EXTENSION = app;
			};
			name = Release;
		};
		63967630152F4800004DD305 /* Debug */ = {
			isa = XCBuildConfiguration;
			buildSettings = {
				BUNDLE_LOADER = "$(BUILT_PRODUCTS_DIR)/Baton.app/Baton";
				CODE_SIGN_IDENTITY = "iPhone Developer: Matthew Knewtson (7K74P45729)";
				"CODE_SIGN_IDENTITY[sdk=iphoneos*]" = "iPhone Developer: Matthew Knewtson (7K74P45729)";
				FRAMEWORK_SEARCH_PATHS = (
					"$(SDKROOT)/Developer/Library/Frameworks",
					"$(DEVELOPER_LIBRARY_DIR)/Frameworks",
				);
				GCC_PRECOMPILE_PREFIX_HEADER = YES;
				GCC_PREFIX_HEADER = "Baton/Baton-Prefix.pch";
				INFOPLIST_FILE = "BatonTests/BatonTests-Info.plist";
				PRODUCT_NAME = "$(TARGET_NAME)";
				PROVISIONING_PROFILE = "65A555E4-71CE-4C15-8D39-BDC8B0A79C2C";
				"PROVISIONING_PROFILE[sdk=iphoneos*]" = "65A555E4-71CE-4C15-8D39-BDC8B0A79C2C";
				TEST_HOST = "$(BUNDLE_LOADER)";
				WRAPPER_EXTENSION = octest;
			};
			name = Debug;
		};
		63967631152F4800004DD305 /* Release */ = {
			isa = XCBuildConfiguration;
			buildSettings = {
				BUNDLE_LOADER = "$(BUILT_PRODUCTS_DIR)/Baton.app/Baton";
				CODE_SIGN_IDENTITY = "iPhone Developer: Matthew Knewtson (7K74P45729)";
				"CODE_SIGN_IDENTITY[sdk=iphoneos*]" = "iPhone Developer: Matthew Knewtson (7K74P45729)";
				FRAMEWORK_SEARCH_PATHS = (
					"$(SDKROOT)/Developer/Library/Frameworks",
					"$(DEVELOPER_LIBRARY_DIR)/Frameworks",
				);
				GCC_PRECOMPILE_PREFIX_HEADER = YES;
				GCC_PREFIX_HEADER = "Baton/Baton-Prefix.pch";
				INFOPLIST_FILE = "BatonTests/BatonTests-Info.plist";
				PRODUCT_NAME = "$(TARGET_NAME)";
				PROVISIONING_PROFILE = "65A555E4-71CE-4C15-8D39-BDC8B0A79C2C";
				"PROVISIONING_PROFILE[sdk=iphoneos*]" = "65A555E4-71CE-4C15-8D39-BDC8B0A79C2C";
				TEST_HOST = "$(BUNDLE_LOADER)";
				WRAPPER_EXTENSION = octest;
			};
			name = Release;
		};
/* End XCBuildConfiguration section */

/* Begin XCConfigurationList section */
		639675F0152F4800004DD305 /* Build configuration list for PBXProject "Baton" */ = {
			isa = XCConfigurationList;
			buildConfigurations = (
				6396762A152F4800004DD305 /* Debug */,
				6396762B152F4800004DD305 /* Release */,
			);
			defaultConfigurationIsVisible = 0;
			defaultConfigurationName = Release;
		};
		6396762C152F4800004DD305 /* Build configuration list for PBXNativeTarget "Baton" */ = {
			isa = XCConfigurationList;
			buildConfigurations = (
				6396762D152F4800004DD305 /* Debug */,
				6396762E152F4800004DD305 /* Release */,
			);
			defaultConfigurationIsVisible = 0;
			defaultConfigurationName = Release;
		};
		6396762F152F4800004DD305 /* Build configuration list for PBXNativeTarget "BatonTests" */ = {
			isa = XCConfigurationList;
			buildConfigurations = (
				63967630152F4800004DD305 /* Debug */,
				63967631152F4800004DD305 /* Release */,
			);
			defaultConfigurationIsVisible = 0;
			defaultConfigurationName = Release;
		};
/* End XCConfigurationList section */
	};
	rootObject = 639675ED152F4800004DD305 /* Project object */;
}
